{
    "_meta": {
        "hash": {
            "sha256": "26137999e03955be485eca2637a8aa1796aa19ab6c219238c94d5d8387b9ec6b"
        },
        "pipfile-spec": 6,
        "requires": {
            "python_version": "3.9"
        },
        "sources": [
            {
                "name": "pypi",
                "url": "https://pypi.org/simple",
                "verify_ssl": true
            }
        ]
    },
    "default": {
        "dynaconf": {
            "hashes": [
                "sha256:e9d80b46ba4d9372f2f40c812594c963f74178140c0b596e57f2881001fc4d35",
                "sha256:f52fe5db7622da56a552275e8f64e4df46e3b4ae11158831b042e8ba2f6d1c96"
            ],
            "index": "pypi",
            "version": "==3.1.7"
        }
    },
    "develop": {}
}
